
Microsoft Visual Studio Solution File, Format Version 12.00
# Visual Studio Version 16
VisualStudioVersion = 16.0.31410.357
MinimumVisualStudioVersion = 10.0.40219.1
Project("{9A19103F-16F7-4668-BE54-9A1E7A4F7556}") = "1.CountRealNumbers", "AssociativeArrays\1.CountRealNumbers.csproj", "{083C6AC7-A405-466A-BF09-D89ED53B89E5}"
EndProject
Project("{9A19103F-16F7-4668-BE54-9A1E7A4F7556}") = "2.OddOccurrences", "2.OddOccurrences\2.OddOccurrences.csproj", "{23AD46BE-5B18-40B2-A9DF-0D75EFF6A261}"
EndProject
Project("{9A19103F-16F7-4668-BE54-9A1E7A4F7556}") = "3.WordSynonyms", "3.WordSynonyms\3.WordSynonyms.csproj", "{922C8DAE-7206-4E8E-A078-5A9854057B40}"
EndProject
Project("{FAE04EC0-301F-11D3-BF4B-00C04F79EFBC}") = "4.Largest3Numbers", "4.Largest3Numbers\4.Largest3Numbers.csproj", "{9E5E6261-DCD4-412A-9EC0-8D2DBBCF0241}"
EndProject
Project("{FAE04EC0-301F-11D3-BF4B-00C04F79EFBC}") = "5.WordFilter", "5.WordFilter\5.WordFilter.csproj", "{9F12DF45-DC08-4B0A-967F-C76600D708C4}"
EndProject
Global
	GlobalSection(SolutionConfigurationPlatforms) = preSolution
		Debug|Any CPU = Debug|Any CPU
		Release|Any CPU = Release|Any CPU
	EndGlobalSection
	GlobalSection(ProjectConfigurationPlatforms) = postSolution
		{083C6AC7-A405-466A-BF09-D89ED53B89E5}.Debug|Any CPU.ActiveCfg = Debug|Any CPU
		{083C6AC7-A405-466A-BF09-D89ED53B89E5}.Debug|Any CPU.Build.0 = Debug|Any CPU
		{083C6AC7-A405-466A-BF09-D89ED53B89E5}.Release|Any CPU.ActiveCfg = Release|Any CPU
		{083C6AC7-A405-466A-BF09-D89ED53B89E5}.Release|Any CPU.Build.0 = Release|Any CPU
		{23AD46BE-5B18-40B2-A9DF-0D75EFF6A261}.Debug|Any CPU.ActiveCfg = Debug|Any CPU
		{23AD46BE-5B18-40B2-A9DF-0D75EFF6A261}.Debug|Any CPU.Build.0 = Debug|Any CPU
		{23AD46BE-5B18-40B2-A9DF-0D75EFF6A261}.Release|Any CPU.ActiveCfg = Release|Any CPU
		{23AD46BE-5B18-40B2-A9DF-0D75EFF6A261}.Release|Any CPU.Build.0 = Release|Any CPU
		{922C8DAE-7206-4E8E-A078-5A9854057B40}.Debug|Any CPU.ActiveCfg = Debug|Any CPU
		{922C8DAE-7206-4E8E-A078-5A9854057B40}.Debug|Any CPU.Build.0 = Debug|Any CPU
		{922C8DAE-7206-4E8E-A078-5A9854057B40}.Release|Any CPU.ActiveCfg = Release|Any CPU
		{922C8DAE-7206-4E8E-A078-5A9854057B40}.Release|Any CPU.Build.0 = Release|Any CPU
		{9E5E6261-DCD4-412A-9EC0-8D2DBBCF0241}.Debug|Any CPU.ActiveCfg = Debug|Any CPU
		{9E5E6261-DCD4-412A-9EC0-8D2DBBCF0241}.Debug|Any CPU.Build.0 = Debug|Any CPU
		{9E5E6261-DCD4-412A-9EC0-8D2DBBCF0241}.Release|Any CPU.ActiveCfg = Release|Any CPU
		{9E5E6261-DCD4-412A-9EC0-8D2DBBCF0241}.Release|Any CPU.Build.0 = Release|Any CPU
		{9F12DF45-DC08-4B0A-967F-C76600D708C4}.Debug|Any CPU.ActiveCfg = Debug|Any CPU
		{9F12DF45-DC08-4B0A-967F-C76600D708C4}.Debug|Any CPU.Build.0 = Debug|Any CPU
		{9F12DF45-DC08-4B0A-967F-C76600D708C4}.Release|Any CPU.ActiveCfg = Release|Any CPU
		{9F12DF45-DC08-4B0A-967F-C76600D708C4}.Release|Any CPU.Build.0 = Release|Any CPU
	EndGlobalSection
	GlobalSection(SolutionProperties) = preSolution
		HideSolutionNode = FALSE
	EndGlobalSection
	GlobalSection(ExtensibilityGlobals) = postSolution
		SolutionGuid = {26667015-F2C9-43DC-AB49-65F275B4ADDE}
	EndGlobalSection
EndGlobal
